
Microsoft Visual Studio Solution File, Format Version 12.00
# Visual Studio 15
VisualStudioVersion = 15.0.27703.2047
MinimumVisualStudioVersion = 10.0.40219.1
Project("{2150E333-8FDC-42A3-9474-1A3956D46DE8}") = "Libaries", "Libaries", "{52C84662-922A-46DB-90DE-EEF2B30A0040}"
EndProject
Project("{2150E333-8FDC-42A3-9474-1A3956D46DE8}") = "Software", "Software", "{369D160E-1AC1-4F28-B948-56B69F7F8DC7}"
EndProject
Project("{9A19103F-16F7-4668-BE54-9A1E7A4F7556}") = "Albert", "Albert\Albert.csproj", "{FF4096CB-846E-41F9-B90D-8C3BAA1BB9D4}"
EndProject
Project("{FAE04EC0-301F-11D3-BF4B-00C04F79EFBC}") = "AlbertWPF", "AlbertWPF\AlbertWPF.csproj", "{92F6B2E6-DEE2-469B-93A9-82F25F029CEB}"
EndProject
Project("{FAE04EC0-301F-11D3-BF4B-00C04F79EFBC}") = "AlbertUWP", "AlbertUWP\AlbertUWP.csproj", "{C1DE0ECC-A932-49D7-8A85-6AC9C00D6BE2}"
EndProject
Project("{FAE04EC0-301F-11D3-BF4B-00C04F79EFBC}") = "amSparkDesk", "amSparkDesk\amSparkDesk.csproj", "{332C7071-FF43-49E4-BDB0-DEA79A5B88F5}"
EndProject
Project("{FAE04EC0-301F-11D3-BF4B-00C04F79EFBC}") = "amPowerLab", "amPowerLab\amPowerLab.csproj", "{2D4402D1-ED2A-4AC0-926E-3B47938BB67B}"
EndProject
Global
	GlobalSection(SolutionConfigurationPlatforms) = preSolution
		Debug|Any CPU = Debug|Any CPU
		Debug|ARM = Debug|ARM
		Debug|x64 = Debug|x64
		Debug|x86 = Debug|x86
		Release|Any CPU = Release|Any CPU
		Release|ARM = Release|ARM
		Release|x64 = Release|x64
		Release|x86 = Release|x86
	EndGlobalSection
	GlobalSection(ProjectConfigurationPlatforms) = postSolution
		{FF4096CB-846E-41F9-B90D-8C3BAA1BB9D4}.Debug|Any CPU.ActiveCfg = Debug|Any CPU
		{FF4096CB-846E-41F9-B90D-8C3BAA1BB9D4}.Debug|Any CPU.Build.0 = Debug|Any CPU
		{FF4096CB-846E-41F9-B90D-8C3BAA1BB9D4}.Debug|ARM.ActiveCfg = Debug|Any CPU
		{FF4096CB-846E-41F9-B90D-8C3BAA1BB9D4}.Debug|ARM.Build.0 = Debug|Any CPU
		{FF4096CB-846E-41F9-B90D-8C3BAA1BB9D4}.Debug|x64.ActiveCfg = Debug|Any CPU
		{FF4096CB-846E-41F9-B90D-8C3BAA1BB9D4}.Debug|x64.Build.0 = Debug|Any CPU
		{FF4096CB-846E-41F9-B90D-8C3BAA1BB9D4}.Debug|x86.ActiveCfg = Debug|Any CPU
		{FF4096CB-846E-41F9-B90D-8C3BAA1BB9D4}.Debug|x86.Build.0 = Debug|Any CPU
		{FF4096CB-846E-41F9-B90D-8C3BAA1BB9D4}.Release|Any CPU.ActiveCfg = Release|Any CPU
		{FF4096CB-846E-41F9-B90D-8C3BAA1BB9D4}.Release|Any CPU.Build.0 = Release|Any CPU
		{FF4096CB-846E-41F9-B90D-8C3BAA1BB9D4}.Release|ARM.ActiveCfg = Release|Any CPU
		{FF4096CB-846E-41F9-B90D-8C3BAA1BB9D4}.Release|ARM.Build.0 = Release|Any CPU
		{FF4096CB-846E-41F9-B90D-8C3BAA1BB9D4}.Release|x64.ActiveCfg = Release|Any CPU
		{FF4096CB-846E-41F9-B90D-8C3BAA1BB9D4}.Release|x64.Build.0 = Release|Any CPU
		{FF4096CB-846E-41F9-B90D-8C3BAA1BB9D4}.Release|x86.ActiveCfg = Release|Any CPU
		{FF4096CB-846E-41F9-B90D-8C3BAA1BB9D4}.Release|x86.Build.0 = Release|Any CPU
		{92F6B2E6-DEE2-469B-93A9-82F25F029CEB}.Debug|Any CPU.ActiveCfg = Debug|Any CPU
		{92F6B2E6-DEE2-469B-93A9-82F25F029CEB}.Debug|Any CPU.Build.0 = Debug|Any CPU
		{92F6B2E6-DEE2-469B-93A9-82F25F029CEB}.Debug|ARM.ActiveCfg = Debug|Any CPU
		{92F6B2E6-DEE2-469B-93A9-82F25F029CEB}.Debug|ARM.Build.0 = Debug|Any CPU
		{92F6B2E6-DEE2-469B-93A9-82F25F029CEB}.Debug|x64.ActiveCfg = Debug|Any CPU
		{92F6B2E6-DEE2-469B-93A9-82F25F029CEB}.Debug|x64.Build.0 = Debug|Any CPU
		{92F6B2E6-DEE2-469B-93A9-82F25F029CEB}.Debug|x86.ActiveCfg = Debug|Any CPU
		{92F6B2E6-DEE2-469B-93A9-82F25F029CEB}.Debug|x86.Build.0 = Debug|Any CPU
		{92F6B2E6-DEE2-469B-93A9-82F25F029CEB}.Release|Any CPU.ActiveCfg = Release|Any CPU
		{92F6B2E6-DEE2-469B-93A9-82F25F029CEB}.Release|Any CPU.Build.0 = Release|Any CPU
		{92F6B2E6-DEE2-469B-93A9-82F25F029CEB}.Release|ARM.ActiveCfg = Release|Any CPU
		{92F6B2E6-DEE2-469B-93A9-82F25F029CEB}.Release|ARM.Build.0 = Release|Any CPU
		{92F6B2E6-DEE2-469B-93A9-82F25F029CEB}.Release|x64.ActiveCfg = Release|Any CPU
		{92F6B2E6-DEE2-469B-93A9-82F25F029CEB}.Release|x64.Build.0 = Release|Any CPU
		{92F6B2E6-DEE2-469B-93A9-82F25F029CEB}.Release|x86.ActiveCfg = Release|Any CPU
		{92F6B2E6-DEE2-469B-93A9-82F25F029CEB}.Release|x86.Build.0 = Release|Any CPU
		{C1DE0ECC-A932-49D7-8A85-6AC9C00D6BE2}.Debug|Any CPU.ActiveCfg = Debug|Any CPU
		{C1DE0ECC-A932-49D7-8A85-6AC9C00D6BE2}.Debug|Any CPU.Build.0 = Debug|Any CPU
		{C1DE0ECC-A932-49D7-8A85-6AC9C00D6BE2}.Debug|ARM.ActiveCfg = Debug|ARM
		{C1DE0ECC-A932-49D7-8A85-6AC9C00D6BE2}.Debug|ARM.Build.0 = Debug|ARM
		{C1DE0ECC-A932-49D7-8A85-6AC9C00D6BE2}.Debug|x64.ActiveCfg = Debug|x64
		{C1DE0ECC-A932-49D7-8A85-6AC9C00D6BE2}.Debug|x64.Build.0 = Debug|x64
		{C1DE0ECC-A932-49D7-8A85-6AC9C00D6BE2}.Debug|x86.ActiveCfg = Debug|x86
		{C1DE0ECC-A932-49D7-8A85-6AC9C00D6BE2}.Debug|x86.Build.0 = Debug|x86
		{C1DE0ECC-A932-49D7-8A85-6AC9C00D6BE2}.Release|Any CPU.ActiveCfg = Release|Any CPU
		{C1DE0ECC-A932-49D7-8A85-6AC9C00D6BE2}.Release|Any CPU.Build.0 = Release|Any CPU
		{C1DE0ECC-A932-49D7-8A85-6AC9C00D6BE2}.Release|ARM.ActiveCfg = Release|ARM
		{C1DE0ECC-A932-49D7-8A85-6AC9C00D6BE2}.Release|ARM.Build.0 = Release|ARM
		{C1DE0ECC-A932-49D7-8A85-6AC9C00D6BE2}.Release|x64.ActiveCfg = Release|x64
		{C1DE0ECC-A932-49D7-8A85-6AC9C00D6BE2}.Release|x64.Build.0 = Release|x64
		{C1DE0ECC-A932-49D7-8A85-6AC9C00D6BE2}.Release|x86.ActiveCfg = Release|x86
		{C1DE0ECC-A932-49D7-8A85-6AC9C00D6BE2}.Release|x86.Build.0 = Release|x86
		{332C7071-FF43-49E4-BDB0-DEA79A5B88F5}.Debug|Any CPU.ActiveCfg = Debug|Any CPU
		{332C7071-FF43-49E4-BDB0-DEA79A5B88F5}.Debug|Any CPU.Build.0 = Debug|Any CPU
		{332C7071-FF43-49E4-BDB0-DEA79A5B88F5}.Debug|ARM.ActiveCfg = Debug|Any CPU
		{332C7071-FF43-49E4-BDB0-DEA79A5B88F5}.Debug|ARM.Build.0 = Debug|Any CPU
		{332C7071-FF43-49E4-BDB0-DEA79A5B88F5}.Debug|x64.ActiveCfg = Debug|Any CPU
		{332C7071-FF43-49E4-BDB0-DEA79A5B88F5}.Debug|x64.Build.0 = Debug|Any CPU
		{332C7071-FF43-49E4-BDB0-DEA79A5B88F5}.Debug|x86.ActiveCfg = Debug|Any CPU
		{332C7071-FF43-49E4-BDB0-DEA79A5B88F5}.Debug|x86.Build.0 = Debug|Any CPU
		{332C7071-FF43-49E4-BDB0-DEA79A5B88F5}.Release|Any CPU.ActiveCfg = Release|Any CPU
		{332C7071-FF43-49E4-BDB0-DEA79A5B88F5}.Release|Any CPU.Build.0 = Release|Any CPU
		{332C7071-FF43-49E4-BDB0-DEA79A5B88F5}.Release|ARM.ActiveCfg = Release|Any CPU
		{332C7071-FF43-49E4-BDB0-DEA79A5B88F5}.Release|ARM.Build.0 = Release|Any CPU
		{332C7071-FF43-49E4-BDB0-DEA79A5B88F5}.Release|x64.ActiveCfg = Release|Any CPU
		{332C7071-FF43-49E4-BDB0-DEA79A5B88F5}.Release|x64.Build.0 = Release|Any CPU
		{332C7071-FF43-49E4-BDB0-DEA79A5B88F5}.Release|x86.ActiveCfg = Release|Any CPU
		{332C7071-FF43-49E4-BDB0-DEA79A5B88F5}.Release|x86.Build.0 = Release|Any CPU
		{2D4402D1-ED2A-4AC0-926E-3B47938BB67B}.Debug|Any CPU.ActiveCfg = Debug|x86
		{2D4402D1-ED2A-4AC0-926E-3B47938BB67B}.Debug|ARM.ActiveCfg = Debug|ARM
		{2D4402D1-ED2A-4AC0-926E-3B47938BB67B}.Debug|ARM.Build.0 = Debug|ARM
		{2D4402D1-ED2A-4AC0-926E-3B47938BB67B}.Debug|ARM.Deploy.0 = Debug|ARM
		{2D4402D1-ED2A-4AC0-926E-3B47938BB67B}.Debug|x64.ActiveCfg = Debug|x64
		{2D4402D1-ED2A-4AC0-926E-3B47938BB67B}.Debug|x64.Build.0 = Debug|x64
		{2D4402D1-ED2A-4AC0-926E-3B47938BB67B}.Debug|x64.Deploy.0 = Debug|x64
		{2D4402D1-ED2A-4AC0-926E-3B47938BB67B}.Debug|x86.ActiveCfg = Debug|x86
		{2D4402D1-ED2A-4AC0-926E-3B47938BB67B}.Debug|x86.Build.0 = Debug|x86
		{2D4402D1-ED2A-4AC0-926E-3B47938BB67B}.Debug|x86.Deploy.0 = Debug|x86
		{2D4402D1-ED2A-4AC0-926E-3B47938BB67B}.Release|Any CPU.ActiveCfg = Release|x86
		{2D4402D1-ED2A-4AC0-926E-3B47938BB67B}.Release|ARM.ActiveCfg = Release|ARM
		{2D4402D1-ED2A-4AC0-926E-3B47938BB67B}.Release|ARM.Build.0 = Release|ARM
		{2D4402D1-ED2A-4AC0-926E-3B47938BB67B}.Release|ARM.Deploy.0 = Release|ARM
		{2D4402D1-ED2A-4AC0-926E-3B47938BB67B}.Release|x64.ActiveCfg = Release|x64
		{2D4402D1-ED2A-4AC0-926E-3B47938BB67B}.Release|x64.Build.0 = Release|x64
		{2D4402D1-ED2A-4AC0-926E-3B47938BB67B}.Release|x64.Deploy.0 = Release|x64
		{2D4402D1-ED2A-4AC0-926E-3B47938BB67B}.Release|x86.ActiveCfg = Release|x86
		{2D4402D1-ED2A-4AC0-926E-3B47938BB67B}.Release|x86.Build.0 = Release|x86
		{2D4402D1-ED2A-4AC0-926E-3B47938BB67B}.Release|x86.Deploy.0 = Release|x86
	EndGlobalSection
	GlobalSection(SolutionProperties) = preSolution
		HideSolutionNode = FALSE
	EndGlobalSection
	GlobalSection(NestedProjects) = preSolution
		{FF4096CB-846E-41F9-B90D-8C3BAA1BB9D4} = {52C84662-922A-46DB-90DE-EEF2B30A0040}
		{92F6B2E6-DEE2-469B-93A9-82F25F029CEB} = {52C84662-922A-46DB-90DE-EEF2B30A0040}
		{C1DE0ECC-A932-49D7-8A85-6AC9C00D6BE2} = {52C84662-922A-46DB-90DE-EEF2B30A0040}
		{332C7071-FF43-49E4-BDB0-DEA79A5B88F5} = {369D160E-1AC1-4F28-B948-56B69F7F8DC7}
		{2D4402D1-ED2A-4AC0-926E-3B47938BB67B} = {369D160E-1AC1-4F28-B948-56B69F7F8DC7}
	EndGlobalSection
	GlobalSection(ExtensibilityGlobals) = postSolution
		SolutionGuid = {0C4B1C2B-519A-4C4F-A470-213CB0D3708B}
	EndGlobalSection
EndGlobal
