
Microsoft Visual Studio Solution File, Format Version 12.00
# Visual Studio Version 16
VisualStudioVersion = 16.0.28803.156
MinimumVisualStudioVersion = 10.0.40219.1
Project("{2150E333-8FDC-42A3-9474-1A3956D46DE8}") = "Libaries", "Libaries", "{52C84662-922A-46DB-90DE-EEF2B30A0040}"
EndProject
Project("{2150E333-8FDC-42A3-9474-1A3956D46DE8}") = "Software", "Software", "{369D160E-1AC1-4F28-B948-56B69F7F8DC7}"
EndProject
Project("{9A19103F-16F7-4668-BE54-9A1E7A4F7556}") = "Albert", "Albert\Albert.csproj", "{FF4096CB-846E-41F9-B90D-8C3BAA1BB9D4}"
EndProject
Project("{FAE04EC0-301F-11D3-BF4B-00C04F79EFBC}") = "AlbertWPF", "AlbertWPF\AlbertWPF.csproj", "{92F6B2E6-DEE2-469B-93A9-82F25F029CEB}"
EndProject
Project("{FAE04EC0-301F-11D3-BF4B-00C04F79EFBC}") = "AlbertUWP", "AlbertUWP\AlbertUWP.csproj", "{C1DE0ECC-A932-49D7-8A85-6AC9C00D6BE2}"
EndProject
Project("{FAE04EC0-301F-11D3-BF4B-00C04F79EFBC}") = "amFlowDoczBase", "amFlowDoczBase\amFlowDoczBase.csproj", "{4CB213B8-80DD-4765-BC8B-D439B6C1EE93}"
EndProject
Project("{C7167F0D-BC9F-4E6E-AFE1-012C56B48DB5}") = "amFlowDocz", "amFlowDocz\amFlowDocz.wapproj", "{59239DA2-2620-45F1-8D37-1258775438B1}"
EndProject
Project("{9A19103F-16F7-4668-BE54-9A1E7A4F7556}") = "abFlowDocs", "abFlowDocs\abFlowDocs.csproj", "{BE8F333C-364F-4C37-9EDF-EA4C81BFDF52}"
EndProject
Project("{9A19103F-16F7-4668-BE54-9A1E7A4F7556}") = "AlbertWPFCore", "AlbertWPFCore\AlbertWPFCore.csproj", "{30742298-505C-4B05-A34B-92E08A601975}"
EndProject
Project("{C7167F0D-BC9F-4E6E-AFE1-012C56B48DB5}") = "abFlowDoc", "abFlowDoc\abFlowDoc.wapproj", "{AC5B8972-DB45-4663-8CF3-87F93A0252E4}"
EndProject
Project("{9A19103F-16F7-4668-BE54-9A1E7A4F7556}") = "abCommand", "abCommand\abCommand.csproj", "{626A8F77-E1BC-4895-8105-9A4BF0CA4AA8}"
EndProject
Global
	GlobalSection(SolutionConfigurationPlatforms) = preSolution
		Debug|Any CPU = Debug|Any CPU
		Debug|ARM = Debug|ARM
		Debug|ARM64 = Debug|ARM64
		Debug|x64 = Debug|x64
		Debug|x86 = Debug|x86
		Release|Any CPU = Release|Any CPU
		Release|ARM = Release|ARM
		Release|ARM64 = Release|ARM64
		Release|x64 = Release|x64
		Release|x86 = Release|x86
	EndGlobalSection
	GlobalSection(ProjectConfigurationPlatforms) = postSolution
		{FF4096CB-846E-41F9-B90D-8C3BAA1BB9D4}.Debug|Any CPU.ActiveCfg = Debug|Any CPU
		{FF4096CB-846E-41F9-B90D-8C3BAA1BB9D4}.Debug|Any CPU.Build.0 = Debug|Any CPU
		{FF4096CB-846E-41F9-B90D-8C3BAA1BB9D4}.Debug|ARM.ActiveCfg = Debug|Any CPU
		{FF4096CB-846E-41F9-B90D-8C3BAA1BB9D4}.Debug|ARM.Build.0 = Debug|Any CPU
		{FF4096CB-846E-41F9-B90D-8C3BAA1BB9D4}.Debug|ARM64.ActiveCfg = Debug|Any CPU
		{FF4096CB-846E-41F9-B90D-8C3BAA1BB9D4}.Debug|ARM64.Build.0 = Debug|Any CPU
		{FF4096CB-846E-41F9-B90D-8C3BAA1BB9D4}.Debug|x64.ActiveCfg = Debug|Any CPU
		{FF4096CB-846E-41F9-B90D-8C3BAA1BB9D4}.Debug|x64.Build.0 = Debug|Any CPU
		{FF4096CB-846E-41F9-B90D-8C3BAA1BB9D4}.Debug|x86.ActiveCfg = Debug|Any CPU
		{FF4096CB-846E-41F9-B90D-8C3BAA1BB9D4}.Debug|x86.Build.0 = Debug|Any CPU
		{FF4096CB-846E-41F9-B90D-8C3BAA1BB9D4}.Release|Any CPU.ActiveCfg = Release|Any CPU
		{FF4096CB-846E-41F9-B90D-8C3BAA1BB9D4}.Release|Any CPU.Build.0 = Release|Any CPU
		{FF4096CB-846E-41F9-B90D-8C3BAA1BB9D4}.Release|ARM.ActiveCfg = Release|Any CPU
		{FF4096CB-846E-41F9-B90D-8C3BAA1BB9D4}.Release|ARM.Build.0 = Release|Any CPU
		{FF4096CB-846E-41F9-B90D-8C3BAA1BB9D4}.Release|ARM64.ActiveCfg = Release|Any CPU
		{FF4096CB-846E-41F9-B90D-8C3BAA1BB9D4}.Release|ARM64.Build.0 = Release|Any CPU
		{FF4096CB-846E-41F9-B90D-8C3BAA1BB9D4}.Release|x64.ActiveCfg = Release|Any CPU
		{FF4096CB-846E-41F9-B90D-8C3BAA1BB9D4}.Release|x64.Build.0 = Release|Any CPU
		{FF4096CB-846E-41F9-B90D-8C3BAA1BB9D4}.Release|x86.ActiveCfg = Release|Any CPU
		{FF4096CB-846E-41F9-B90D-8C3BAA1BB9D4}.Release|x86.Build.0 = Release|Any CPU
		{92F6B2E6-DEE2-469B-93A9-82F25F029CEB}.Debug|Any CPU.ActiveCfg = Debug|Any CPU
		{92F6B2E6-DEE2-469B-93A9-82F25F029CEB}.Debug|Any CPU.Build.0 = Debug|Any CPU
		{92F6B2E6-DEE2-469B-93A9-82F25F029CEB}.Debug|ARM.ActiveCfg = Debug|Any CPU
		{92F6B2E6-DEE2-469B-93A9-82F25F029CEB}.Debug|ARM.Build.0 = Debug|Any CPU
		{92F6B2E6-DEE2-469B-93A9-82F25F029CEB}.Debug|ARM64.ActiveCfg = Debug|Any CPU
		{92F6B2E6-DEE2-469B-93A9-82F25F029CEB}.Debug|ARM64.Build.0 = Debug|Any CPU
		{92F6B2E6-DEE2-469B-93A9-82F25F029CEB}.Debug|x64.ActiveCfg = Debug|Any CPU
		{92F6B2E6-DEE2-469B-93A9-82F25F029CEB}.Debug|x64.Build.0 = Debug|Any CPU
		{92F6B2E6-DEE2-469B-93A9-82F25F029CEB}.Debug|x86.ActiveCfg = Debug|Any CPU
		{92F6B2E6-DEE2-469B-93A9-82F25F029CEB}.Debug|x86.Build.0 = Debug|Any CPU
		{92F6B2E6-DEE2-469B-93A9-82F25F029CEB}.Release|Any CPU.ActiveCfg = Release|Any CPU
		{92F6B2E6-DEE2-469B-93A9-82F25F029CEB}.Release|Any CPU.Build.0 = Release|Any CPU
		{92F6B2E6-DEE2-469B-93A9-82F25F029CEB}.Release|ARM.ActiveCfg = Release|Any CPU
		{92F6B2E6-DEE2-469B-93A9-82F25F029CEB}.Release|ARM.Build.0 = Release|Any CPU
		{92F6B2E6-DEE2-469B-93A9-82F25F029CEB}.Release|ARM64.ActiveCfg = Release|Any CPU
		{92F6B2E6-DEE2-469B-93A9-82F25F029CEB}.Release|ARM64.Build.0 = Release|Any CPU
		{92F6B2E6-DEE2-469B-93A9-82F25F029CEB}.Release|x64.ActiveCfg = Release|Any CPU
		{92F6B2E6-DEE2-469B-93A9-82F25F029CEB}.Release|x64.Build.0 = Release|Any CPU
		{92F6B2E6-DEE2-469B-93A9-82F25F029CEB}.Release|x86.ActiveCfg = Release|Any CPU
		{92F6B2E6-DEE2-469B-93A9-82F25F029CEB}.Release|x86.Build.0 = Release|Any CPU
		{C1DE0ECC-A932-49D7-8A85-6AC9C00D6BE2}.Debug|Any CPU.ActiveCfg = Debug|Any CPU
		{C1DE0ECC-A932-49D7-8A85-6AC9C00D6BE2}.Debug|Any CPU.Build.0 = Debug|Any CPU
		{C1DE0ECC-A932-49D7-8A85-6AC9C00D6BE2}.Debug|ARM.ActiveCfg = Debug|ARM
		{C1DE0ECC-A932-49D7-8A85-6AC9C00D6BE2}.Debug|ARM.Build.0 = Debug|ARM
		{C1DE0ECC-A932-49D7-8A85-6AC9C00D6BE2}.Debug|ARM64.ActiveCfg = Debug|Any CPU
		{C1DE0ECC-A932-49D7-8A85-6AC9C00D6BE2}.Debug|ARM64.Build.0 = Debug|Any CPU
		{C1DE0ECC-A932-49D7-8A85-6AC9C00D6BE2}.Debug|x64.ActiveCfg = Debug|x64
		{C1DE0ECC-A932-49D7-8A85-6AC9C00D6BE2}.Debug|x64.Build.0 = Debug|x64
		{C1DE0ECC-A932-49D7-8A85-6AC9C00D6BE2}.Debug|x86.ActiveCfg = Debug|x86
		{C1DE0ECC-A932-49D7-8A85-6AC9C00D6BE2}.Debug|x86.Build.0 = Debug|x86
		{C1DE0ECC-A932-49D7-8A85-6AC9C00D6BE2}.Release|Any CPU.ActiveCfg = Release|Any CPU
		{C1DE0ECC-A932-49D7-8A85-6AC9C00D6BE2}.Release|Any CPU.Build.0 = Release|Any CPU
		{C1DE0ECC-A932-49D7-8A85-6AC9C00D6BE2}.Release|ARM.ActiveCfg = Release|ARM
		{C1DE0ECC-A932-49D7-8A85-6AC9C00D6BE2}.Release|ARM.Build.0 = Release|ARM
		{C1DE0ECC-A932-49D7-8A85-6AC9C00D6BE2}.Release|ARM64.ActiveCfg = Release|Any CPU
		{C1DE0ECC-A932-49D7-8A85-6AC9C00D6BE2}.Release|ARM64.Build.0 = Release|Any CPU
		{C1DE0ECC-A932-49D7-8A85-6AC9C00D6BE2}.Release|x64.ActiveCfg = Release|x64
		{C1DE0ECC-A932-49D7-8A85-6AC9C00D6BE2}.Release|x64.Build.0 = Release|x64
		{C1DE0ECC-A932-49D7-8A85-6AC9C00D6BE2}.Release|x86.ActiveCfg = Release|x86
		{C1DE0ECC-A932-49D7-8A85-6AC9C00D6BE2}.Release|x86.Build.0 = Release|x86
		{4CB213B8-80DD-4765-BC8B-D439B6C1EE93}.Debug|Any CPU.ActiveCfg = Debug|Any CPU
		{4CB213B8-80DD-4765-BC8B-D439B6C1EE93}.Debug|Any CPU.Build.0 = Debug|Any CPU
		{4CB213B8-80DD-4765-BC8B-D439B6C1EE93}.Debug|ARM.ActiveCfg = Debug|Any CPU
		{4CB213B8-80DD-4765-BC8B-D439B6C1EE93}.Debug|ARM.Build.0 = Debug|Any CPU
		{4CB213B8-80DD-4765-BC8B-D439B6C1EE93}.Debug|ARM64.ActiveCfg = Debug|Any CPU
		{4CB213B8-80DD-4765-BC8B-D439B6C1EE93}.Debug|ARM64.Build.0 = Debug|Any CPU
		{4CB213B8-80DD-4765-BC8B-D439B6C1EE93}.Debug|x64.ActiveCfg = Debug|Any CPU
		{4CB213B8-80DD-4765-BC8B-D439B6C1EE93}.Debug|x64.Build.0 = Debug|Any CPU
		{4CB213B8-80DD-4765-BC8B-D439B6C1EE93}.Debug|x86.ActiveCfg = Debug|Any CPU
		{4CB213B8-80DD-4765-BC8B-D439B6C1EE93}.Debug|x86.Build.0 = Debug|Any CPU
		{4CB213B8-80DD-4765-BC8B-D439B6C1EE93}.Release|Any CPU.ActiveCfg = Release|Any CPU
		{4CB213B8-80DD-4765-BC8B-D439B6C1EE93}.Release|Any CPU.Build.0 = Release|Any CPU
		{4CB213B8-80DD-4765-BC8B-D439B6C1EE93}.Release|ARM.ActiveCfg = Release|Any CPU
		{4CB213B8-80DD-4765-BC8B-D439B6C1EE93}.Release|ARM.Build.0 = Release|Any CPU
		{4CB213B8-80DD-4765-BC8B-D439B6C1EE93}.Release|ARM64.ActiveCfg = Release|Any CPU
		{4CB213B8-80DD-4765-BC8B-D439B6C1EE93}.Release|ARM64.Build.0 = Release|Any CPU
		{4CB213B8-80DD-4765-BC8B-D439B6C1EE93}.Release|x64.ActiveCfg = Release|Any CPU
		{4CB213B8-80DD-4765-BC8B-D439B6C1EE93}.Release|x64.Build.0 = Release|Any CPU
		{4CB213B8-80DD-4765-BC8B-D439B6C1EE93}.Release|x86.ActiveCfg = Release|Any CPU
		{4CB213B8-80DD-4765-BC8B-D439B6C1EE93}.Release|x86.Build.0 = Release|Any CPU
		{59239DA2-2620-45F1-8D37-1258775438B1}.Debug|Any CPU.ActiveCfg = Debug|Any CPU
		{59239DA2-2620-45F1-8D37-1258775438B1}.Debug|Any CPU.Build.0 = Debug|Any CPU
		{59239DA2-2620-45F1-8D37-1258775438B1}.Debug|Any CPU.Deploy.0 = Debug|Any CPU
		{59239DA2-2620-45F1-8D37-1258775438B1}.Debug|ARM.ActiveCfg = Debug|ARM
		{59239DA2-2620-45F1-8D37-1258775438B1}.Debug|ARM.Build.0 = Debug|ARM
		{59239DA2-2620-45F1-8D37-1258775438B1}.Debug|ARM.Deploy.0 = Debug|ARM
		{59239DA2-2620-45F1-8D37-1258775438B1}.Debug|ARM64.ActiveCfg = Debug|ARM64
		{59239DA2-2620-45F1-8D37-1258775438B1}.Debug|ARM64.Build.0 = Debug|ARM64
		{59239DA2-2620-45F1-8D37-1258775438B1}.Debug|ARM64.Deploy.0 = Debug|ARM64
		{59239DA2-2620-45F1-8D37-1258775438B1}.Debug|x64.ActiveCfg = Debug|x64
		{59239DA2-2620-45F1-8D37-1258775438B1}.Debug|x64.Build.0 = Debug|x64
		{59239DA2-2620-45F1-8D37-1258775438B1}.Debug|x64.Deploy.0 = Debug|x64
		{59239DA2-2620-45F1-8D37-1258775438B1}.Debug|x86.ActiveCfg = Debug|x86
		{59239DA2-2620-45F1-8D37-1258775438B1}.Debug|x86.Build.0 = Debug|x86
		{59239DA2-2620-45F1-8D37-1258775438B1}.Debug|x86.Deploy.0 = Debug|x86
		{59239DA2-2620-45F1-8D37-1258775438B1}.Release|Any CPU.ActiveCfg = Release|Any CPU
		{59239DA2-2620-45F1-8D37-1258775438B1}.Release|Any CPU.Build.0 = Release|Any CPU
		{59239DA2-2620-45F1-8D37-1258775438B1}.Release|Any CPU.Deploy.0 = Release|Any CPU
		{59239DA2-2620-45F1-8D37-1258775438B1}.Release|ARM.ActiveCfg = Release|ARM
		{59239DA2-2620-45F1-8D37-1258775438B1}.Release|ARM.Build.0 = Release|ARM
		{59239DA2-2620-45F1-8D37-1258775438B1}.Release|ARM.Deploy.0 = Release|ARM
		{59239DA2-2620-45F1-8D37-1258775438B1}.Release|ARM64.ActiveCfg = Release|ARM64
		{59239DA2-2620-45F1-8D37-1258775438B1}.Release|ARM64.Build.0 = Release|ARM64
		{59239DA2-2620-45F1-8D37-1258775438B1}.Release|ARM64.Deploy.0 = Release|ARM64
		{59239DA2-2620-45F1-8D37-1258775438B1}.Release|x64.ActiveCfg = Release|x64
		{59239DA2-2620-45F1-8D37-1258775438B1}.Release|x64.Build.0 = Release|x64
		{59239DA2-2620-45F1-8D37-1258775438B1}.Release|x64.Deploy.0 = Release|x64
		{59239DA2-2620-45F1-8D37-1258775438B1}.Release|x86.ActiveCfg = Release|x86
		{59239DA2-2620-45F1-8D37-1258775438B1}.Release|x86.Build.0 = Release|x86
		{59239DA2-2620-45F1-8D37-1258775438B1}.Release|x86.Deploy.0 = Release|x86
		{BE8F333C-364F-4C37-9EDF-EA4C81BFDF52}.Debug|Any CPU.ActiveCfg = Debug|Any CPU
		{BE8F333C-364F-4C37-9EDF-EA4C81BFDF52}.Debug|Any CPU.Build.0 = Debug|Any CPU
		{BE8F333C-364F-4C37-9EDF-EA4C81BFDF52}.Debug|ARM.ActiveCfg = Debug|Any CPU
		{BE8F333C-364F-4C37-9EDF-EA4C81BFDF52}.Debug|ARM.Build.0 = Debug|Any CPU
		{BE8F333C-364F-4C37-9EDF-EA4C81BFDF52}.Debug|ARM64.ActiveCfg = Debug|Any CPU
		{BE8F333C-364F-4C37-9EDF-EA4C81BFDF52}.Debug|ARM64.Build.0 = Debug|Any CPU
		{BE8F333C-364F-4C37-9EDF-EA4C81BFDF52}.Debug|x64.ActiveCfg = Debug|Any CPU
		{BE8F333C-364F-4C37-9EDF-EA4C81BFDF52}.Debug|x64.Build.0 = Debug|Any CPU
		{BE8F333C-364F-4C37-9EDF-EA4C81BFDF52}.Debug|x86.ActiveCfg = Debug|Any CPU
		{BE8F333C-364F-4C37-9EDF-EA4C81BFDF52}.Debug|x86.Build.0 = Debug|Any CPU
		{BE8F333C-364F-4C37-9EDF-EA4C81BFDF52}.Release|Any CPU.ActiveCfg = Release|Any CPU
		{BE8F333C-364F-4C37-9EDF-EA4C81BFDF52}.Release|Any CPU.Build.0 = Release|Any CPU
		{BE8F333C-364F-4C37-9EDF-EA4C81BFDF52}.Release|ARM.ActiveCfg = Release|Any CPU
		{BE8F333C-364F-4C37-9EDF-EA4C81BFDF52}.Release|ARM.Build.0 = Release|Any CPU
		{BE8F333C-364F-4C37-9EDF-EA4C81BFDF52}.Release|ARM64.ActiveCfg = Release|Any CPU
		{BE8F333C-364F-4C37-9EDF-EA4C81BFDF52}.Release|ARM64.Build.0 = Release|Any CPU
		{BE8F333C-364F-4C37-9EDF-EA4C81BFDF52}.Release|x64.ActiveCfg = Release|Any CPU
		{BE8F333C-364F-4C37-9EDF-EA4C81BFDF52}.Release|x64.Build.0 = Release|Any CPU
		{BE8F333C-364F-4C37-9EDF-EA4C81BFDF52}.Release|x86.ActiveCfg = Release|Any CPU
		{BE8F333C-364F-4C37-9EDF-EA4C81BFDF52}.Release|x86.Build.0 = Release|Any CPU
		{30742298-505C-4B05-A34B-92E08A601975}.Debug|Any CPU.ActiveCfg = Debug|Any CPU
		{30742298-505C-4B05-A34B-92E08A601975}.Debug|Any CPU.Build.0 = Debug|Any CPU
		{30742298-505C-4B05-A34B-92E08A601975}.Debug|ARM.ActiveCfg = Debug|Any CPU
		{30742298-505C-4B05-A34B-92E08A601975}.Debug|ARM.Build.0 = Debug|Any CPU
		{30742298-505C-4B05-A34B-92E08A601975}.Debug|ARM64.ActiveCfg = Debug|Any CPU
		{30742298-505C-4B05-A34B-92E08A601975}.Debug|ARM64.Build.0 = Debug|Any CPU
		{30742298-505C-4B05-A34B-92E08A601975}.Debug|x64.ActiveCfg = Debug|Any CPU
		{30742298-505C-4B05-A34B-92E08A601975}.Debug|x64.Build.0 = Debug|Any CPU
		{30742298-505C-4B05-A34B-92E08A601975}.Debug|x86.ActiveCfg = Debug|Any CPU
		{30742298-505C-4B05-A34B-92E08A601975}.Debug|x86.Build.0 = Debug|Any CPU
		{30742298-505C-4B05-A34B-92E08A601975}.Release|Any CPU.ActiveCfg = Release|Any CPU
		{30742298-505C-4B05-A34B-92E08A601975}.Release|Any CPU.Build.0 = Release|Any CPU
		{30742298-505C-4B05-A34B-92E08A601975}.Release|ARM.ActiveCfg = Release|Any CPU
		{30742298-505C-4B05-A34B-92E08A601975}.Release|ARM.Build.0 = Release|Any CPU
		{30742298-505C-4B05-A34B-92E08A601975}.Release|ARM64.ActiveCfg = Release|Any CPU
		{30742298-505C-4B05-A34B-92E08A601975}.Release|ARM64.Build.0 = Release|Any CPU
		{30742298-505C-4B05-A34B-92E08A601975}.Release|x64.ActiveCfg = Release|Any CPU
		{30742298-505C-4B05-A34B-92E08A601975}.Release|x64.Build.0 = Release|Any CPU
		{30742298-505C-4B05-A34B-92E08A601975}.Release|x86.ActiveCfg = Release|Any CPU
		{30742298-505C-4B05-A34B-92E08A601975}.Release|x86.Build.0 = Release|Any CPU
		{AC5B8972-DB45-4663-8CF3-87F93A0252E4}.Debug|Any CPU.ActiveCfg = Debug|Any CPU
		{AC5B8972-DB45-4663-8CF3-87F93A0252E4}.Debug|Any CPU.Build.0 = Debug|Any CPU
		{AC5B8972-DB45-4663-8CF3-87F93A0252E4}.Debug|Any CPU.Deploy.0 = Debug|Any CPU
		{AC5B8972-DB45-4663-8CF3-87F93A0252E4}.Debug|ARM.ActiveCfg = Debug|ARM
		{AC5B8972-DB45-4663-8CF3-87F93A0252E4}.Debug|ARM.Build.0 = Debug|ARM
		{AC5B8972-DB45-4663-8CF3-87F93A0252E4}.Debug|ARM.Deploy.0 = Debug|ARM
		{AC5B8972-DB45-4663-8CF3-87F93A0252E4}.Debug|ARM64.ActiveCfg = Debug|ARM64
		{AC5B8972-DB45-4663-8CF3-87F93A0252E4}.Debug|ARM64.Build.0 = Debug|ARM64
		{AC5B8972-DB45-4663-8CF3-87F93A0252E4}.Debug|ARM64.Deploy.0 = Debug|ARM64
		{AC5B8972-DB45-4663-8CF3-87F93A0252E4}.Debug|x64.ActiveCfg = Debug|x64
		{AC5B8972-DB45-4663-8CF3-87F93A0252E4}.Debug|x64.Build.0 = Debug|x64
		{AC5B8972-DB45-4663-8CF3-87F93A0252E4}.Debug|x64.Deploy.0 = Debug|x64
		{AC5B8972-DB45-4663-8CF3-87F93A0252E4}.Debug|x86.ActiveCfg = Debug|x86
		{AC5B8972-DB45-4663-8CF3-87F93A0252E4}.Debug|x86.Build.0 = Debug|x86
		{AC5B8972-DB45-4663-8CF3-87F93A0252E4}.Debug|x86.Deploy.0 = Debug|x86
		{AC5B8972-DB45-4663-8CF3-87F93A0252E4}.Release|Any CPU.ActiveCfg = Release|Any CPU
		{AC5B8972-DB45-4663-8CF3-87F93A0252E4}.Release|Any CPU.Build.0 = Release|Any CPU
		{AC5B8972-DB45-4663-8CF3-87F93A0252E4}.Release|Any CPU.Deploy.0 = Release|Any CPU
		{AC5B8972-DB45-4663-8CF3-87F93A0252E4}.Release|ARM.ActiveCfg = Release|ARM
		{AC5B8972-DB45-4663-8CF3-87F93A0252E4}.Release|ARM.Build.0 = Release|ARM
		{AC5B8972-DB45-4663-8CF3-87F93A0252E4}.Release|ARM.Deploy.0 = Release|ARM
		{AC5B8972-DB45-4663-8CF3-87F93A0252E4}.Release|ARM64.ActiveCfg = Release|ARM64
		{AC5B8972-DB45-4663-8CF3-87F93A0252E4}.Release|ARM64.Build.0 = Release|ARM64
		{AC5B8972-DB45-4663-8CF3-87F93A0252E4}.Release|ARM64.Deploy.0 = Release|ARM64
		{AC5B8972-DB45-4663-8CF3-87F93A0252E4}.Release|x64.ActiveCfg = Release|x64
		{AC5B8972-DB45-4663-8CF3-87F93A0252E4}.Release|x64.Build.0 = Release|x64
		{AC5B8972-DB45-4663-8CF3-87F93A0252E4}.Release|x64.Deploy.0 = Release|x64
		{AC5B8972-DB45-4663-8CF3-87F93A0252E4}.Release|x86.ActiveCfg = Release|x86
		{AC5B8972-DB45-4663-8CF3-87F93A0252E4}.Release|x86.Build.0 = Release|x86
		{AC5B8972-DB45-4663-8CF3-87F93A0252E4}.Release|x86.Deploy.0 = Release|x86
		{626A8F77-E1BC-4895-8105-9A4BF0CA4AA8}.Debug|Any CPU.ActiveCfg = Debug|Any CPU
		{626A8F77-E1BC-4895-8105-9A4BF0CA4AA8}.Debug|Any CPU.Build.0 = Debug|Any CPU
		{626A8F77-E1BC-4895-8105-9A4BF0CA4AA8}.Debug|ARM.ActiveCfg = Debug|Any CPU
		{626A8F77-E1BC-4895-8105-9A4BF0CA4AA8}.Debug|ARM.Build.0 = Debug|Any CPU
		{626A8F77-E1BC-4895-8105-9A4BF0CA4AA8}.Debug|ARM64.ActiveCfg = Debug|Any CPU
		{626A8F77-E1BC-4895-8105-9A4BF0CA4AA8}.Debug|ARM64.Build.0 = Debug|Any CPU
		{626A8F77-E1BC-4895-8105-9A4BF0CA4AA8}.Debug|x64.ActiveCfg = Debug|Any CPU
		{626A8F77-E1BC-4895-8105-9A4BF0CA4AA8}.Debug|x64.Build.0 = Debug|Any CPU
		{626A8F77-E1BC-4895-8105-9A4BF0CA4AA8}.Debug|x86.ActiveCfg = Debug|Any CPU
		{626A8F77-E1BC-4895-8105-9A4BF0CA4AA8}.Debug|x86.Build.0 = Debug|Any CPU
		{626A8F77-E1BC-4895-8105-9A4BF0CA4AA8}.Release|Any CPU.ActiveCfg = Release|Any CPU
		{626A8F77-E1BC-4895-8105-9A4BF0CA4AA8}.Release|Any CPU.Build.0 = Release|Any CPU
		{626A8F77-E1BC-4895-8105-9A4BF0CA4AA8}.Release|ARM.ActiveCfg = Release|Any CPU
		{626A8F77-E1BC-4895-8105-9A4BF0CA4AA8}.Release|ARM.Build.0 = Release|Any CPU
		{626A8F77-E1BC-4895-8105-9A4BF0CA4AA8}.Release|ARM64.ActiveCfg = Release|Any CPU
		{626A8F77-E1BC-4895-8105-9A4BF0CA4AA8}.Release|ARM64.Build.0 = Release|Any CPU
		{626A8F77-E1BC-4895-8105-9A4BF0CA4AA8}.Release|x64.ActiveCfg = Release|Any CPU
		{626A8F77-E1BC-4895-8105-9A4BF0CA4AA8}.Release|x64.Build.0 = Release|Any CPU
		{626A8F77-E1BC-4895-8105-9A4BF0CA4AA8}.Release|x86.ActiveCfg = Release|Any CPU
		{626A8F77-E1BC-4895-8105-9A4BF0CA4AA8}.Release|x86.Build.0 = Release|Any CPU
	EndGlobalSection
	GlobalSection(SolutionProperties) = preSolution
		HideSolutionNode = FALSE
	EndGlobalSection
	GlobalSection(NestedProjects) = preSolution
		{FF4096CB-846E-41F9-B90D-8C3BAA1BB9D4} = {52C84662-922A-46DB-90DE-EEF2B30A0040}
		{92F6B2E6-DEE2-469B-93A9-82F25F029CEB} = {52C84662-922A-46DB-90DE-EEF2B30A0040}
		{C1DE0ECC-A932-49D7-8A85-6AC9C00D6BE2} = {52C84662-922A-46DB-90DE-EEF2B30A0040}
		{4CB213B8-80DD-4765-BC8B-D439B6C1EE93} = {369D160E-1AC1-4F28-B948-56B69F7F8DC7}
		{59239DA2-2620-45F1-8D37-1258775438B1} = {369D160E-1AC1-4F28-B948-56B69F7F8DC7}
		{BE8F333C-364F-4C37-9EDF-EA4C81BFDF52} = {369D160E-1AC1-4F28-B948-56B69F7F8DC7}
		{30742298-505C-4B05-A34B-92E08A601975} = {52C84662-922A-46DB-90DE-EEF2B30A0040}
		{AC5B8972-DB45-4663-8CF3-87F93A0252E4} = {369D160E-1AC1-4F28-B948-56B69F7F8DC7}
		{626A8F77-E1BC-4895-8105-9A4BF0CA4AA8} = {369D160E-1AC1-4F28-B948-56B69F7F8DC7}
	EndGlobalSection
	GlobalSection(ExtensibilityGlobals) = postSolution
		SolutionGuid = {0C4B1C2B-519A-4C4F-A470-213CB0D3708B}
	EndGlobalSection
EndGlobal
