
Microsoft Visual Studio Solution File, Format Version 12.00
# Visual Studio 15
VisualStudioVersion = 15.0.27703.2047
MinimumVisualStudioVersion = 10.0.40219.1
Project("{2150E333-8FDC-42A3-9474-1A3956D46DE8}") = "Libaries", "Libaries", "{52C84662-922A-46DB-90DE-EEF2B30A0040}"
EndProject
Project("{2150E333-8FDC-42A3-9474-1A3956D46DE8}") = "Software", "Software", "{369D160E-1AC1-4F28-B948-56B69F7F8DC7}"
EndProject
Project("{9A19103F-16F7-4668-BE54-9A1E7A4F7556}") = "Albert", "Albert\Albert.csproj", "{FF4096CB-846E-41F9-B90D-8C3BAA1BB9D4}"
EndProject
Project("{FAE04EC0-301F-11D3-BF4B-00C04F79EFBC}") = "AlbertWPF", "AlbertWPF\AlbertWPF.csproj", "{92F6B2E6-DEE2-469B-93A9-82F25F029CEB}"
EndProject
Project("{FAE04EC0-301F-11D3-BF4B-00C04F79EFBC}") = "AlbertUWP", "AlbertUWP\AlbertUWP.csproj", "{C1DE0ECC-A932-49D7-8A85-6AC9C00D6BE2}"
EndProject
Project("{FAE04EC0-301F-11D3-BF4B-00C04F79EFBC}") = "amSparkDesk", "amSparkDesk\amSparkDesk.csproj", "{332C7071-FF43-49E4-BDB0-DEA79A5B88F5}"
EndProject
Project("{D954291E-2A0B-460D-934E-DC6B0785DB48}") = "amUWP", "amUWP\amUWP.shproj", "{442F42EA-45AE-4504-9658-16F859F76278}"
EndProject
Project("{C7167F0D-BC9F-4E6E-AFE1-012C56B48DB5}") = "amDev", "amDev\amDev.wapproj", "{71D420CC-3D5B-4570-8AFF-B76EB9998829}"
EndProject
Project("{FAE04EC0-301F-11D3-BF4B-00C04F79EFBC}") = "amDevFl", "amDevFl\amDevFl.csproj", "{D6C791D2-49D9-4FA9-B11A-25713EBDBE51}"
EndProject
Project("{C7167F0D-BC9F-4E6E-AFE1-012C56B48DB5}") = "amDevFlow", "amDevFlow\amDevFlow.wapproj", "{0298952C-23C6-4DA8-B3DF-57A8E72480C0}"
EndProject
Global
	GlobalSection(SharedMSBuildProjectFiles) = preSolution
		amUWP\amUWP.projitems*{332c7071-ff43-49e4-bdb0-dea79a5b88f5}*SharedItemsImports = 4
		amUWP\amUWP.projitems*{442f42ea-45ae-4504-9658-16f859f76278}*SharedItemsImports = 13
	EndGlobalSection
	GlobalSection(SolutionConfigurationPlatforms) = preSolution
		Debug|Any CPU = Debug|Any CPU
		Debug|ARM = Debug|ARM
		Debug|x64 = Debug|x64
		Debug|x86 = Debug|x86
		Release|Any CPU = Release|Any CPU
		Release|ARM = Release|ARM
		Release|x64 = Release|x64
		Release|x86 = Release|x86
	EndGlobalSection
	GlobalSection(ProjectConfigurationPlatforms) = postSolution
		{FF4096CB-846E-41F9-B90D-8C3BAA1BB9D4}.Debug|Any CPU.ActiveCfg = Debug|Any CPU
		{FF4096CB-846E-41F9-B90D-8C3BAA1BB9D4}.Debug|Any CPU.Build.0 = Debug|Any CPU
		{FF4096CB-846E-41F9-B90D-8C3BAA1BB9D4}.Debug|ARM.ActiveCfg = Debug|Any CPU
		{FF4096CB-846E-41F9-B90D-8C3BAA1BB9D4}.Debug|ARM.Build.0 = Debug|Any CPU
		{FF4096CB-846E-41F9-B90D-8C3BAA1BB9D4}.Debug|x64.ActiveCfg = Debug|Any CPU
		{FF4096CB-846E-41F9-B90D-8C3BAA1BB9D4}.Debug|x64.Build.0 = Debug|Any CPU
		{FF4096CB-846E-41F9-B90D-8C3BAA1BB9D4}.Debug|x86.ActiveCfg = Debug|Any CPU
		{FF4096CB-846E-41F9-B90D-8C3BAA1BB9D4}.Debug|x86.Build.0 = Debug|Any CPU
		{FF4096CB-846E-41F9-B90D-8C3BAA1BB9D4}.Release|Any CPU.ActiveCfg = Release|Any CPU
		{FF4096CB-846E-41F9-B90D-8C3BAA1BB9D4}.Release|Any CPU.Build.0 = Release|Any CPU
		{FF4096CB-846E-41F9-B90D-8C3BAA1BB9D4}.Release|ARM.ActiveCfg = Release|Any CPU
		{FF4096CB-846E-41F9-B90D-8C3BAA1BB9D4}.Release|ARM.Build.0 = Release|Any CPU
		{FF4096CB-846E-41F9-B90D-8C3BAA1BB9D4}.Release|x64.ActiveCfg = Release|Any CPU
		{FF4096CB-846E-41F9-B90D-8C3BAA1BB9D4}.Release|x64.Build.0 = Release|Any CPU
		{FF4096CB-846E-41F9-B90D-8C3BAA1BB9D4}.Release|x86.ActiveCfg = Release|Any CPU
		{FF4096CB-846E-41F9-B90D-8C3BAA1BB9D4}.Release|x86.Build.0 = Release|Any CPU
		{92F6B2E6-DEE2-469B-93A9-82F25F029CEB}.Debug|Any CPU.ActiveCfg = Debug|Any CPU
		{92F6B2E6-DEE2-469B-93A9-82F25F029CEB}.Debug|Any CPU.Build.0 = Debug|Any CPU
		{92F6B2E6-DEE2-469B-93A9-82F25F029CEB}.Debug|ARM.ActiveCfg = Debug|Any CPU
		{92F6B2E6-DEE2-469B-93A9-82F25F029CEB}.Debug|ARM.Build.0 = Debug|Any CPU
		{92F6B2E6-DEE2-469B-93A9-82F25F029CEB}.Debug|x64.ActiveCfg = Debug|Any CPU
		{92F6B2E6-DEE2-469B-93A9-82F25F029CEB}.Debug|x64.Build.0 = Debug|Any CPU
		{92F6B2E6-DEE2-469B-93A9-82F25F029CEB}.Debug|x86.ActiveCfg = Debug|Any CPU
		{92F6B2E6-DEE2-469B-93A9-82F25F029CEB}.Debug|x86.Build.0 = Debug|Any CPU
		{92F6B2E6-DEE2-469B-93A9-82F25F029CEB}.Release|Any CPU.ActiveCfg = Release|Any CPU
		{92F6B2E6-DEE2-469B-93A9-82F25F029CEB}.Release|Any CPU.Build.0 = Release|Any CPU
		{92F6B2E6-DEE2-469B-93A9-82F25F029CEB}.Release|ARM.ActiveCfg = Release|Any CPU
		{92F6B2E6-DEE2-469B-93A9-82F25F029CEB}.Release|ARM.Build.0 = Release|Any CPU
		{92F6B2E6-DEE2-469B-93A9-82F25F029CEB}.Release|x64.ActiveCfg = Release|Any CPU
		{92F6B2E6-DEE2-469B-93A9-82F25F029CEB}.Release|x64.Build.0 = Release|Any CPU
		{92F6B2E6-DEE2-469B-93A9-82F25F029CEB}.Release|x86.ActiveCfg = Release|Any CPU
		{92F6B2E6-DEE2-469B-93A9-82F25F029CEB}.Release|x86.Build.0 = Release|Any CPU
		{C1DE0ECC-A932-49D7-8A85-6AC9C00D6BE2}.Debug|Any CPU.ActiveCfg = Debug|Any CPU
		{C1DE0ECC-A932-49D7-8A85-6AC9C00D6BE2}.Debug|Any CPU.Build.0 = Debug|Any CPU
		{C1DE0ECC-A932-49D7-8A85-6AC9C00D6BE2}.Debug|ARM.ActiveCfg = Debug|ARM
		{C1DE0ECC-A932-49D7-8A85-6AC9C00D6BE2}.Debug|ARM.Build.0 = Debug|ARM
		{C1DE0ECC-A932-49D7-8A85-6AC9C00D6BE2}.Debug|x64.ActiveCfg = Debug|x64
		{C1DE0ECC-A932-49D7-8A85-6AC9C00D6BE2}.Debug|x64.Build.0 = Debug|x64
		{C1DE0ECC-A932-49D7-8A85-6AC9C00D6BE2}.Debug|x86.ActiveCfg = Debug|x86
		{C1DE0ECC-A932-49D7-8A85-6AC9C00D6BE2}.Debug|x86.Build.0 = Debug|x86
		{C1DE0ECC-A932-49D7-8A85-6AC9C00D6BE2}.Release|Any CPU.ActiveCfg = Release|Any CPU
		{C1DE0ECC-A932-49D7-8A85-6AC9C00D6BE2}.Release|Any CPU.Build.0 = Release|Any CPU
		{C1DE0ECC-A932-49D7-8A85-6AC9C00D6BE2}.Release|ARM.ActiveCfg = Release|ARM
		{C1DE0ECC-A932-49D7-8A85-6AC9C00D6BE2}.Release|ARM.Build.0 = Release|ARM
		{C1DE0ECC-A932-49D7-8A85-6AC9C00D6BE2}.Release|x64.ActiveCfg = Release|x64
		{C1DE0ECC-A932-49D7-8A85-6AC9C00D6BE2}.Release|x64.Build.0 = Release|x64
		{C1DE0ECC-A932-49D7-8A85-6AC9C00D6BE2}.Release|x86.ActiveCfg = Release|x86
		{C1DE0ECC-A932-49D7-8A85-6AC9C00D6BE2}.Release|x86.Build.0 = Release|x86
		{332C7071-FF43-49E4-BDB0-DEA79A5B88F5}.Debug|Any CPU.ActiveCfg = Debug|Any CPU
		{332C7071-FF43-49E4-BDB0-DEA79A5B88F5}.Debug|Any CPU.Build.0 = Debug|Any CPU
		{332C7071-FF43-49E4-BDB0-DEA79A5B88F5}.Debug|ARM.ActiveCfg = Debug|Any CPU
		{332C7071-FF43-49E4-BDB0-DEA79A5B88F5}.Debug|ARM.Build.0 = Debug|Any CPU
		{332C7071-FF43-49E4-BDB0-DEA79A5B88F5}.Debug|x64.ActiveCfg = Debug|Any CPU
		{332C7071-FF43-49E4-BDB0-DEA79A5B88F5}.Debug|x64.Build.0 = Debug|Any CPU
		{332C7071-FF43-49E4-BDB0-DEA79A5B88F5}.Debug|x86.ActiveCfg = Debug|Any CPU
		{332C7071-FF43-49E4-BDB0-DEA79A5B88F5}.Debug|x86.Build.0 = Debug|Any CPU
		{332C7071-FF43-49E4-BDB0-DEA79A5B88F5}.Release|Any CPU.ActiveCfg = Release|Any CPU
		{332C7071-FF43-49E4-BDB0-DEA79A5B88F5}.Release|Any CPU.Build.0 = Release|Any CPU
		{332C7071-FF43-49E4-BDB0-DEA79A5B88F5}.Release|ARM.ActiveCfg = Release|Any CPU
		{332C7071-FF43-49E4-BDB0-DEA79A5B88F5}.Release|ARM.Build.0 = Release|Any CPU
		{332C7071-FF43-49E4-BDB0-DEA79A5B88F5}.Release|x64.ActiveCfg = Release|Any CPU
		{332C7071-FF43-49E4-BDB0-DEA79A5B88F5}.Release|x64.Build.0 = Release|Any CPU
		{332C7071-FF43-49E4-BDB0-DEA79A5B88F5}.Release|x86.ActiveCfg = Release|Any CPU
		{332C7071-FF43-49E4-BDB0-DEA79A5B88F5}.Release|x86.Build.0 = Release|Any CPU
		{71D420CC-3D5B-4570-8AFF-B76EB9998829}.Debug|Any CPU.ActiveCfg = Debug|Any CPU
		{71D420CC-3D5B-4570-8AFF-B76EB9998829}.Debug|Any CPU.Build.0 = Debug|Any CPU
		{71D420CC-3D5B-4570-8AFF-B76EB9998829}.Debug|Any CPU.Deploy.0 = Debug|Any CPU
		{71D420CC-3D5B-4570-8AFF-B76EB9998829}.Debug|ARM.ActiveCfg = Debug|Any CPU
		{71D420CC-3D5B-4570-8AFF-B76EB9998829}.Debug|ARM.Build.0 = Debug|Any CPU
		{71D420CC-3D5B-4570-8AFF-B76EB9998829}.Debug|ARM.Deploy.0 = Debug|Any CPU
		{71D420CC-3D5B-4570-8AFF-B76EB9998829}.Debug|x64.ActiveCfg = Debug|x64
		{71D420CC-3D5B-4570-8AFF-B76EB9998829}.Debug|x64.Build.0 = Debug|x64
		{71D420CC-3D5B-4570-8AFF-B76EB9998829}.Debug|x64.Deploy.0 = Debug|x64
		{71D420CC-3D5B-4570-8AFF-B76EB9998829}.Debug|x86.ActiveCfg = Debug|x86
		{71D420CC-3D5B-4570-8AFF-B76EB9998829}.Debug|x86.Build.0 = Debug|x86
		{71D420CC-3D5B-4570-8AFF-B76EB9998829}.Debug|x86.Deploy.0 = Debug|x86
		{71D420CC-3D5B-4570-8AFF-B76EB9998829}.Release|Any CPU.ActiveCfg = Release|Any CPU
		{71D420CC-3D5B-4570-8AFF-B76EB9998829}.Release|Any CPU.Build.0 = Release|Any CPU
		{71D420CC-3D5B-4570-8AFF-B76EB9998829}.Release|Any CPU.Deploy.0 = Release|Any CPU
		{71D420CC-3D5B-4570-8AFF-B76EB9998829}.Release|ARM.ActiveCfg = Release|Any CPU
		{71D420CC-3D5B-4570-8AFF-B76EB9998829}.Release|ARM.Build.0 = Release|Any CPU
		{71D420CC-3D5B-4570-8AFF-B76EB9998829}.Release|ARM.Deploy.0 = Release|Any CPU
		{71D420CC-3D5B-4570-8AFF-B76EB9998829}.Release|x64.ActiveCfg = Release|x64
		{71D420CC-3D5B-4570-8AFF-B76EB9998829}.Release|x64.Build.0 = Release|x64
		{71D420CC-3D5B-4570-8AFF-B76EB9998829}.Release|x64.Deploy.0 = Release|x64
		{71D420CC-3D5B-4570-8AFF-B76EB9998829}.Release|x86.ActiveCfg = Release|x86
		{71D420CC-3D5B-4570-8AFF-B76EB9998829}.Release|x86.Build.0 = Release|x86
		{71D420CC-3D5B-4570-8AFF-B76EB9998829}.Release|x86.Deploy.0 = Release|x86
		{D6C791D2-49D9-4FA9-B11A-25713EBDBE51}.Debug|Any CPU.ActiveCfg = Debug|Any CPU
		{D6C791D2-49D9-4FA9-B11A-25713EBDBE51}.Debug|Any CPU.Build.0 = Debug|Any CPU
		{D6C791D2-49D9-4FA9-B11A-25713EBDBE51}.Debug|ARM.ActiveCfg = Debug|Any CPU
		{D6C791D2-49D9-4FA9-B11A-25713EBDBE51}.Debug|ARM.Build.0 = Debug|Any CPU
		{D6C791D2-49D9-4FA9-B11A-25713EBDBE51}.Debug|x64.ActiveCfg = Debug|Any CPU
		{D6C791D2-49D9-4FA9-B11A-25713EBDBE51}.Debug|x64.Build.0 = Debug|Any CPU
		{D6C791D2-49D9-4FA9-B11A-25713EBDBE51}.Debug|x86.ActiveCfg = Debug|Any CPU
		{D6C791D2-49D9-4FA9-B11A-25713EBDBE51}.Debug|x86.Build.0 = Debug|Any CPU
		{D6C791D2-49D9-4FA9-B11A-25713EBDBE51}.Release|Any CPU.ActiveCfg = Release|Any CPU
		{D6C791D2-49D9-4FA9-B11A-25713EBDBE51}.Release|Any CPU.Build.0 = Release|Any CPU
		{D6C791D2-49D9-4FA9-B11A-25713EBDBE51}.Release|ARM.ActiveCfg = Release|Any CPU
		{D6C791D2-49D9-4FA9-B11A-25713EBDBE51}.Release|ARM.Build.0 = Release|Any CPU
		{D6C791D2-49D9-4FA9-B11A-25713EBDBE51}.Release|x64.ActiveCfg = Release|Any CPU
		{D6C791D2-49D9-4FA9-B11A-25713EBDBE51}.Release|x64.Build.0 = Release|Any CPU
		{D6C791D2-49D9-4FA9-B11A-25713EBDBE51}.Release|x86.ActiveCfg = Release|Any CPU
		{D6C791D2-49D9-4FA9-B11A-25713EBDBE51}.Release|x86.Build.0 = Release|Any CPU
		{0298952C-23C6-4DA8-B3DF-57A8E72480C0}.Debug|Any CPU.ActiveCfg = Debug|Any CPU
		{0298952C-23C6-4DA8-B3DF-57A8E72480C0}.Debug|Any CPU.Build.0 = Debug|Any CPU
		{0298952C-23C6-4DA8-B3DF-57A8E72480C0}.Debug|Any CPU.Deploy.0 = Debug|Any CPU
		{0298952C-23C6-4DA8-B3DF-57A8E72480C0}.Debug|ARM.ActiveCfg = Debug|Any CPU
		{0298952C-23C6-4DA8-B3DF-57A8E72480C0}.Debug|ARM.Build.0 = Debug|Any CPU
		{0298952C-23C6-4DA8-B3DF-57A8E72480C0}.Debug|ARM.Deploy.0 = Debug|Any CPU
		{0298952C-23C6-4DA8-B3DF-57A8E72480C0}.Debug|x64.ActiveCfg = Debug|x64
		{0298952C-23C6-4DA8-B3DF-57A8E72480C0}.Debug|x64.Build.0 = Debug|x64
		{0298952C-23C6-4DA8-B3DF-57A8E72480C0}.Debug|x64.Deploy.0 = Debug|x64
		{0298952C-23C6-4DA8-B3DF-57A8E72480C0}.Debug|x86.ActiveCfg = Debug|x86
		{0298952C-23C6-4DA8-B3DF-57A8E72480C0}.Debug|x86.Build.0 = Debug|x86
		{0298952C-23C6-4DA8-B3DF-57A8E72480C0}.Debug|x86.Deploy.0 = Debug|x86
		{0298952C-23C6-4DA8-B3DF-57A8E72480C0}.Release|Any CPU.ActiveCfg = Release|Any CPU
		{0298952C-23C6-4DA8-B3DF-57A8E72480C0}.Release|Any CPU.Build.0 = Release|Any CPU
		{0298952C-23C6-4DA8-B3DF-57A8E72480C0}.Release|Any CPU.Deploy.0 = Release|Any CPU
		{0298952C-23C6-4DA8-B3DF-57A8E72480C0}.Release|ARM.ActiveCfg = Release|Any CPU
		{0298952C-23C6-4DA8-B3DF-57A8E72480C0}.Release|ARM.Build.0 = Release|Any CPU
		{0298952C-23C6-4DA8-B3DF-57A8E72480C0}.Release|ARM.Deploy.0 = Release|Any CPU
		{0298952C-23C6-4DA8-B3DF-57A8E72480C0}.Release|x64.ActiveCfg = Release|x64
		{0298952C-23C6-4DA8-B3DF-57A8E72480C0}.Release|x64.Build.0 = Release|x64
		{0298952C-23C6-4DA8-B3DF-57A8E72480C0}.Release|x64.Deploy.0 = Release|x64
		{0298952C-23C6-4DA8-B3DF-57A8E72480C0}.Release|x86.ActiveCfg = Release|x86
		{0298952C-23C6-4DA8-B3DF-57A8E72480C0}.Release|x86.Build.0 = Release|x86
		{0298952C-23C6-4DA8-B3DF-57A8E72480C0}.Release|x86.Deploy.0 = Release|x86
	EndGlobalSection
	GlobalSection(SolutionProperties) = preSolution
		HideSolutionNode = FALSE
	EndGlobalSection
	GlobalSection(NestedProjects) = preSolution
		{FF4096CB-846E-41F9-B90D-8C3BAA1BB9D4} = {52C84662-922A-46DB-90DE-EEF2B30A0040}
		{92F6B2E6-DEE2-469B-93A9-82F25F029CEB} = {52C84662-922A-46DB-90DE-EEF2B30A0040}
		{C1DE0ECC-A932-49D7-8A85-6AC9C00D6BE2} = {52C84662-922A-46DB-90DE-EEF2B30A0040}
		{332C7071-FF43-49E4-BDB0-DEA79A5B88F5} = {369D160E-1AC1-4F28-B948-56B69F7F8DC7}
		{442F42EA-45AE-4504-9658-16F859F76278} = {369D160E-1AC1-4F28-B948-56B69F7F8DC7}
		{71D420CC-3D5B-4570-8AFF-B76EB9998829} = {369D160E-1AC1-4F28-B948-56B69F7F8DC7}
		{D6C791D2-49D9-4FA9-B11A-25713EBDBE51} = {369D160E-1AC1-4F28-B948-56B69F7F8DC7}
		{0298952C-23C6-4DA8-B3DF-57A8E72480C0} = {369D160E-1AC1-4F28-B948-56B69F7F8DC7}
	EndGlobalSection
	GlobalSection(ExtensibilityGlobals) = postSolution
		SolutionGuid = {0C4B1C2B-519A-4C4F-A470-213CB0D3708B}
	EndGlobalSection
EndGlobal
